
Microsoft Visual Studio Solution File, Format Version 12.00
# Visual Studio Version 17
VisualStudioVersion = 17.0.31912.275
MinimumVisualStudioVersion = 10.0.40219.1
Project("{9A19103F-16F7-4668-BE54-9A1E7A4F7556}") = "EasyEditor", "EasyEditor.csproj", "{C679D7EC-13A2-4E6E-9ACD-EC3F41C47E5C}"
EndProject
Global
	GlobalSection(SolutionConfigurationPlatforms) = preSolution
		Debug|Any CPU = Debug|Any CPU
		Release|Any CPU = Release|Any CPU
	EndGlobalSection
	GlobalSection(ProjectConfigurationPlatforms) = postSolution
		{C679D7EC-13A2-4E6E-9ACD-EC3F41C47E5C}.Debug|Any CPU.ActiveCfg = Debug|Any CPU
		{C679D7EC-13A2-4E6E-9ACD-EC3F41C47E5C}.Debug|Any CPU.Build.0 = Debug|Any CPU
		{C679D7EC-13A2-4E6E-9ACD-EC3F41C47E5C}.Release|Any CPU.ActiveCfg = Release|Any CPU
		{C679D7EC-13A2-4E6E-9ACD-EC3F41C47E5C}.Release|Any CPU.Build.0 = Release|Any CPU
	EndGlobalSection
	GlobalSection(SolutionProperties) = preSolution
		HideSolutionNode = FALSE
	EndGlobalSection
	GlobalSection(ExtensibilityGlobals) = postSolution
		SolutionGuid = {11F9AE0C-C374-4FC0-BCD0-883C648200E3}
	EndGlobalSection
EndGlobal
